<?xml version="1.0" encoding="utf-8"?>
<Project ToolsVersion="4.0" xmlns="http://schemas.microsoft.com/developer/msbuild/2003">
  <ItemGroup>
    <Filter Include="源文件">
      <UniqueIdentifier>{4FC737F1-C7A5-4376-A066-2A32D752A2FF}</UniqueIdentifier>
      <Extensions>cpp;c;cc;cxx;def;odl;idl;hpj;bat;asm;asmx</Extensions>
    </Filter>
    <Filter Include="头文件">
      <UniqueIdentifier>{93995380-89BD-4b04-88EB-625FBE52EBFB}</UniqueIdentifier>
      <Extensions>h;hpp;hxx;hm;inl;inc;xsd</Extensions>
    </Filter>
    <Filter Include="资源文件">
      <UniqueIdentifier>{67DA6AB6-F800-4c08-8B7A-83BB121AAD01}</UniqueIdentifier>
      <Extensions>rc;ico;cur;bmp;dlg;rc2;rct;bin;rgs;gif;jpg;jpeg;jpe;resx;tiff;tif;png;wav;mfcribbon-ms</Extensions>
    </Filter>
  </ItemGroup>
  <ItemGroup>
    <ClCompile Include="FourOperations.cpp">
      <Filter>源文件</Filter>
    </ClCompile>
    <ClCompile Include="AST.cpp">
      <Filter>源文件</Filter>
    </ClCompile>
    <ClCompile Include="ECMAScript.cpp">
      <Filter>源文件</Filter>
    </ClCompile>
    <ClCompile Include="KeyWord.cpp">
      <Filter>源文件</Filter>
    </ClCompile>
    <ClCompile Include="SymbolTable.cpp">
      <Filter>源文件</Filter>
    </ClCompile>
    <ClCompile Include="ExprNode.cpp">
      <Filter>源文件</Filter>
    </ClCompile>
    <ClCompile Include="Literal.cpp">
      <Filter>源文件</Filter>
    </ClCompile>
    <ClCompile Include="ExprUnaryNode.cpp">
      <Filter>源文件</Filter>
    </ClCompile>
    <ClCompile Include="ExprBinaryNode.cpp">
      <Filter>源文件</Filter>
    </ClCompile>
    <ClCompile Include="Expr.cpp">
      <Filter>源文件</Filter>
    </ClCompile>
    <ClCompile Include="ExprIntNode.cpp">
      <Filter>源文件</Filter>
    </ClCompile>
  </ItemGroup>
  <ItemGroup>
    <ClInclude Include="FourOperations.h">
      <Filter>头文件</Filter>
    </ClInclude>
    <ClInclude Include="AST.h">
      <Filter>头文件</Filter>
    </ClInclude>
    <ClInclude Include="ECMAScript.h">
      <Filter>头文件</Filter>
    </ClInclude>
    <ClInclude Include="KeyWord.h">
      <Filter>头文件</Filter>
    </ClInclude>
    <ClInclude Include="SymbolTable.h">
      <Filter>头文件</Filter>
    </ClInclude>
    <ClInclude Include="ExprNode.h">
      <Filter>头文件</Filter>
    </ClInclude>
    <ClInclude Include="Literal.h">
      <Filter>头文件</Filter>
    </ClInclude>
    <ClInclude Include="ExprUnaryNode.h">
      <Filter>头文件</Filter>
    </ClInclude>
    <ClInclude Include="ExprBinaryNode.h">
      <Filter>头文件</Filter>
    </ClInclude>
    <ClInclude Include="Expr.h">
      <Filter>头文件</Filter>
    </ClInclude>
    <ClInclude Include="ExprIntNode.h">
      <Filter>头文件</Filter>
    </ClInclude>
  </ItemGroup>
</Project>